
Microsoft Visual Studio Solution File, Format Version 12.00
# Visual Studio 15
VisualStudioVersion = 15.0.27004.2008
MinimumVisualStudioVersion = 10.0.40219.1
Project("{FAE04EC0-301F-11D3-BF4B-00C04F79EFBC}") = "Exercise_6", "Exercise_6\Exercise_6.csproj", "{E4B2728E-8FCE-4FB5-A312-0B1478A83B4F}"
EndProject
Project("{FAE04EC0-301F-11D3-BF4B-00C04F79EFBC}") = "Exercise_5", "Exercise_5\Exercise_5.csproj", "{0268B4A5-0A88-4E0C-AB4F-6721AC0E485E}"
EndProject
Project("{FAE04EC0-301F-11D3-BF4B-00C04F79EFBC}") = "Exercise_2", "Exercise_2\Exercise_2.csproj", "{541280D3-7738-4265-9692-41B46FB8DDE6}"
EndProject
Global
	GlobalSection(SolutionConfigurationPlatforms) = preSolution
		Debug|Any CPU = Debug|Any CPU
		Release|Any CPU = Release|Any CPU
	EndGlobalSection
	GlobalSection(ProjectConfigurationPlatforms) = postSolution
		{E4B2728E-8FCE-4FB5-A312-0B1478A83B4F}.Debug|Any CPU.ActiveCfg = Debug|Any CPU
		{E4B2728E-8FCE-4FB5-A312-0B1478A83B4F}.Debug|Any CPU.Build.0 = Debug|Any CPU
		{E4B2728E-8FCE-4FB5-A312-0B1478A83B4F}.Release|Any CPU.ActiveCfg = Release|Any CPU
		{E4B2728E-8FCE-4FB5-A312-0B1478A83B4F}.Release|Any CPU.Build.0 = Release|Any CPU
		{0268B4A5-0A88-4E0C-AB4F-6721AC0E485E}.Debug|Any CPU.ActiveCfg = Debug|Any CPU
		{0268B4A5-0A88-4E0C-AB4F-6721AC0E485E}.Debug|Any CPU.Build.0 = Debug|Any CPU
		{0268B4A5-0A88-4E0C-AB4F-6721AC0E485E}.Release|Any CPU.ActiveCfg = Release|Any CPU
		{0268B4A5-0A88-4E0C-AB4F-6721AC0E485E}.Release|Any CPU.Build.0 = Release|Any CPU
		{541280D3-7738-4265-9692-41B46FB8DDE6}.Debug|Any CPU.ActiveCfg = Debug|Any CPU
		{541280D3-7738-4265-9692-41B46FB8DDE6}.Debug|Any CPU.Build.0 = Debug|Any CPU
		{541280D3-7738-4265-9692-41B46FB8DDE6}.Release|Any CPU.ActiveCfg = Release|Any CPU
		{541280D3-7738-4265-9692-41B46FB8DDE6}.Release|Any CPU.Build.0 = Release|Any CPU
	EndGlobalSection
	GlobalSection(SolutionProperties) = preSolution
		HideSolutionNode = FALSE
	EndGlobalSection
	GlobalSection(ExtensibilityGlobals) = postSolution
		SolutionGuid = {137316A9-8AD4-4704-B8DC-8177340E11BC}
	EndGlobalSection
EndGlobal
